// !$*UTF8*$!
{
	archiveVersion = 1;
	classes = {
	};
	objectVersion = 51;
	objects = {

/* Begin PBXBuildFile section */
		6072D2B2BBF5AB63FC0FBBE4 /* Pods_Instagram.framework in Frameworks */ = {isa = PBXBuildFile; fileRef = EDCB5D0FE38A0234FAD213F9 /* Pods_Instagram.framework */; };
		E71EE85C249700A800969879 /* TabBarController.swift in Sources */ = {isa = PBXBuildFile; fileRef = E71EE85B249700A800969879 /* TabBarController.swift */; };
		E71EE860249708BC00969879 /* GoogleService-Info.plist in Resources */ = {isa = PBXBuildFile; fileRef = E71EE85F249708BC00969879 /* GoogleService-Info.plist */; };
		E71EE866249E764D00969879 /* Const.swift in Sources */ = {isa = PBXBuildFile; fileRef = E71EE865249E764D00969879 /* Const.swift */; };
		E71EE868249E78D300969879 /* PostData.swift in Sources */ = {isa = PBXBuildFile; fileRef = E71EE867249E78D300969879 /* PostData.swift */; };
		E71EE86B249E791C00969879 /* PostTableViewCell.swift in Sources */ = {isa = PBXBuildFile; fileRef = E71EE869249E791C00969879 /* PostTableViewCell.swift */; };
		E71EE86C249E791C00969879 /* PostTableViewCell.xib in Resources */ = {isa = PBXBuildFile; fileRef = E71EE86A249E791C00969879 /* PostTableViewCell.xib */; };
		E71EE87824AC33B400969879 /* CommentViewController.swift in Sources */ = {isa = PBXBuildFile; fileRef = E71EE87724AC33B400969879 /* CommentViewController.swift */; };
		E71EE87A24B7EC2700969879 /* Comment.swift in Sources */ = {isa = PBXBuildFile; fileRef = E71EE87924B7EC2700969879 /* Comment.swift */; };
		E78688852496F5B000212AD1 /* AppDelegate.swift in Sources */ = {isa = PBXBuildFile; fileRef = E78688842496F5B000212AD1 /* AppDelegate.swift */; };
		E78688872496F5B000212AD1 /* SceneDelegate.swift in Sources */ = {isa = PBXBuildFile; fileRef = E78688862496F5B000212AD1 /* SceneDelegate.swift */; };
		E786888C2496F5B000212AD1 /* Main.storyboard in Resources */ = {isa = PBXBuildFile; fileRef = E786888A2496F5B000212AD1 /* Main.storyboard */; };
		E786888E2496F5B500212AD1 /* Assets.xcassets in Resources */ = {isa = PBXBuildFile; fileRef = E786888D2496F5B500212AD1 /* Assets.xcassets */; };
		E78688912496F5B500212AD1 /* LaunchScreen.storyboard in Resources */ = {isa = PBXBuildFile; fileRef = E786888F2496F5B500212AD1 /* LaunchScreen.storyboard */; };
		E786889D2496F75C00212AD1 /* LoginViewController.swift in Sources */ = {isa = PBXBuildFile; fileRef = E786889C2496F75C00212AD1 /* LoginViewController.swift */; };
		E786889F2496F7CA00212AD1 /* HomeViewController.swift in Sources */ = {isa = PBXBuildFile; fileRef = E786889E2496F7CA00212AD1 /* HomeViewController.swift */; };
		E78688A12496F7DB00212AD1 /* ImageSelectViewController.swift in Sources */ = {isa = PBXBuildFile; fileRef = E78688A02496F7DB00212AD1 /* ImageSelectViewController.swift */; };
		E78688A32496F7EC00212AD1 /* PostViewController.swift in Sources */ = {isa = PBXBuildFile; fileRef = E78688A22496F7EC00212AD1 /* PostViewController.swift */; };
		E78688A52496F7FC00212AD1 /* SettingViewController.swift in Sources */ = {isa = PBXBuildFile; fileRef = E78688A42496F7FC00212AD1 /* SettingViewController.swift */; };
/* End PBXBuildFile section */

/* Begin PBXFileReference section */
		46817B0311F3EEA977F525C3 /* Pods-Instagram.debug.xcconfig */ = {isa = PBXFileReference; includeInIndex = 1; lastKnownFileType = text.xcconfig; name = "Pods-Instagram.debug.xcconfig"; path = "Target Support Files/Pods-Instagram/Pods-Instagram.debug.xcconfig"; sourceTree = "<group>"; };
		5B69C0665B5005A54A308C34 /* Pods-Instagram.release.xcconfig */ = {isa = PBXFileReference; includeInIndex = 1; lastKnownFileType = text.xcconfig; name = "Pods-Instagram.release.xcconfig"; path = "Target Support Files/Pods-Instagram/Pods-Instagram.release.xcconfig"; sourceTree = "<group>"; };
		E71EE85B249700A800969879 /* TabBarController.swift */ = {isa = PBXFileReference; lastKnownFileType = sourcecode.swift; path = TabBarController.swift; sourceTree = "<group>"; };
		E71EE85F249708BC00969879 /* GoogleService-Info.plist */ = {isa = PBXFileReference; fileEncoding = 4; lastKnownFileType = text.plist.xml; name = "GoogleService-Info.plist"; path = "../GoogleService-Info.plist"; sourceTree = "<group>"; };
		E71EE865249E764D00969879 /* Const.swift */ = {isa = PBXFileReference; lastKnownFileType = sourcecode.swift; path = Const.swift; sourceTree = "<group>"; };
		E71EE867249E78D300969879 /* PostData.swift */ = {isa = PBXFileReference; lastKnownFileType = sourcecode.swift; path = PostData.swift; sourceTree = "<group>"; };
		E71EE869249E791C00969879 /* PostTableViewCell.swift */ = {isa = PBXFileReference; lastKnownFileType = sourcecode.swift; path = PostTableViewCell.swift; sourceTree = "<group>"; };
		E71EE86A249E791C00969879 /* PostTableViewCell.xib */ = {isa = PBXFileReference; lastKnownFileType = file.xib; path = PostTableViewCell.xib; sourceTree = "<group>"; };
		E71EE87724AC33B400969879 /* CommentViewController.swift */ = {isa = PBXFileReference; lastKnownFileType = sourcecode.swift; path = CommentViewController.swift; sourceTree = "<group>"; };
		E71EE87924B7EC2700969879 /* Comment.swift */ = {isa = PBXFileReference; lastKnownFileType = sourcecode.swift; path = Comment.swift; sourceTree = "<group>"; };
		E78688812496F5B000212AD1 /* Instagram.app */ = {isa = PBXFileReference; explicitFileType = wrapper.application; includeInIndex = 0; path = Instagram.app; sourceTree = BUILT_PRODUCTS_DIR; };
		E78688842496F5B000212AD1 /* AppDelegate.swift */ = {isa = PBXFileReference; lastKnownFileType = sourcecode.swift; path = AppDelegate.swift; sourceTree = "<group>"; };
		E78688862496F5B000212AD1 /* SceneDelegate.swift */ = {isa = PBXFileReference; lastKnownFileType = sourcecode.swift; path = SceneDelegate.swift; sourceTree = "<group>"; };
		E786888B2496F5B000212AD1 /* Base */ = {isa = PBXFileReference; lastKnownFileType = file.storyboard; name = Base; path = Base.lproj/Main.storyboard; sourceTree = "<group>"; };
		E786888D2496F5B500212AD1 /* Assets.xcassets */ = {isa = PBXFileReference; lastKnownFileType = folder.assetcatalog; path = Assets.xcassets; sourceTree = "<group>"; };
		E78688902496F5B500212AD1 /* Base */ = {isa = PBXFileReference; lastKnownFileType = file.storyboard; name = Base; path = Base.lproj/LaunchScreen.storyboard; sourceTree = "<group>"; };
		E78688922496F5B500212AD1 /* Info.plist */ = {isa = PBXFileReference; lastKnownFileType = text.plist.xml; path = Info.plist; sourceTree = "<group>"; };
		E786889C2496F75C00212AD1 /* LoginViewController.swift */ = {isa = PBXFileReference; lastKnownFileType = sourcecode.swift; path = LoginViewController.swift; sourceTree = "<group>"; };
		E786889E2496F7CA00212AD1 /* HomeViewController.swift */ = {isa = PBXFileReference; lastKnownFileType = sourcecode.swift; path = HomeViewController.swift; sourceTree = "<group>"; };
		E78688A02496F7DB00212AD1 /* ImageSelectViewController.swift */ = {isa = PBXFileReference; lastKnownFileType = sourcecode.swift; path = ImageSelectViewController.swift; sourceTree = "<group>"; };
		E78688A22496F7EC00212AD1 /* PostViewController.swift */ = {isa = PBXFileReference; lastKnownFileType = sourcecode.swift; path = PostViewController.swift; sourceTree = "<group>"; };
		E78688A42496F7FC00212AD1 /* SettingViewController.swift */ = {isa = PBXFileReference; lastKnownFileType = sourcecode.swift; path = SettingViewController.swift; sourceTree = "<group>"; };
		EDCB5D0FE38A0234FAD213F9 /* Pods_Instagram.framework */ = {isa = PBXFileReference; explicitFileType = wrapper.framework; includeInIndex = 0; path = Pods_Instagram.framework; sourceTree = BUILT_PRODUCTS_DIR; };
/* End PBXFileReference section */

/* Begin PBXFrameworksBuildPhase section */
		E786887E2496F5B000212AD1 /* Frameworks */ = {
			isa = PBXFrameworksBuildPhase;
			buildActionMask = 2147483647;
			files = (
				6072D2B2BBF5AB63FC0FBBE4 /* Pods_Instagram.framework in Frameworks */,
			);
			runOnlyForDeploymentPostprocessing = 0;
		};
/* End PBXFrameworksBuildPhase section */

/* Begin PBXGroup section */
		B7D75D9A715AB13CD4E79269 /* Frameworks */ = {
			isa = PBXGroup;
			children = (
				EDCB5D0FE38A0234FAD213F9 /* Pods_Instagram.framework */,
			);
			name = Frameworks;
			sourceTree = "<group>";
		};
		C73D34E83F0F6DEAD1107E4E /* Pods */ = {
			isa = PBXGroup;
			children = (
				46817B0311F3EEA977F525C3 /* Pods-Instagram.debug.xcconfig */,
				5B69C0665B5005A54A308C34 /* Pods-Instagram.release.xcconfig */,
			);
			path = Pods;
			sourceTree = "<group>";
		};
		E78688782496F5B000212AD1 = {
			isa = PBXGroup;
			children = (
				E78688832496F5B000212AD1 /* Instagram */,
				C73D34E83F0F6DEAD1107E4E /* Pods */,
				B7D75D9A715AB13CD4E79269 /* Frameworks */,
			);
			sourceTree = "<group>";
		};
		E78688822496F5B000212AD1 /* Products */ = {
			isa = PBXGroup;
			children = (
				E78688812496F5B000212AD1 /* Instagram.app */,
			);
			name = Products;
			path = ..;
			sourceTree = "<group>";
		};
		E78688832496F5B000212AD1 /* Instagram */ = {
			isa = PBXGroup;
			children = (
				E78688842496F5B000212AD1 /* AppDelegate.swift */,
				E78688862496F5B000212AD1 /* SceneDelegate.swift */,
				E786889C2496F75C00212AD1 /* LoginViewController.swift */,
				E786889E2496F7CA00212AD1 /* HomeViewController.swift */,
				E78688A02496F7DB00212AD1 /* ImageSelectViewController.swift */,
				E78688A22496F7EC00212AD1 /* PostViewController.swift */,
				E71EE87924B7EC2700969879 /* Comment.swift */,
				E71EE869249E791C00969879 /* PostTableViewCell.swift */,
				E71EE87724AC33B400969879 /* CommentViewController.swift */,
				E71EE86A249E791C00969879 /* PostTableViewCell.xib */,
				E71EE865249E764D00969879 /* Const.swift */,
				E78688A42496F7FC00212AD1 /* SettingViewController.swift */,
				E71EE85B249700A800969879 /* TabBarController.swift */,
				E71EE867249E78D300969879 /* PostData.swift */,
				E71EE85F249708BC00969879 /* GoogleService-Info.plist */,
				E786888A2496F5B000212AD1 /* Main.storyboard */,
				E786888D2496F5B500212AD1 /* Assets.xcassets */,
				E786888F2496F5B500212AD1 /* LaunchScreen.storyboard */,
				E78688922496F5B500212AD1 /* Info.plist */,
				E78688822496F5B000212AD1 /* Products */,
			);
			path = Instagram;
			sourceTree = "<group>";
		};
/* End PBXGroup section */

/* Begin PBXNativeTarget section */
		E78688802496F5B000212AD1 /* Instagram */ = {
			isa = PBXNativeTarget;
			buildConfigurationList = E78688952496F5B500212AD1 /* Build configuration list for PBXNativeTarget "Instagram" */;
			buildPhases = (
				BAB2703F0A815D2613C7EE4D /* [CP] Check Pods Manifest.lock */,
				E786887D2496F5B000212AD1 /* Sources */,
				E786887E2496F5B000212AD1 /* Frameworks */,
				E786887F2496F5B000212AD1 /* Resources */,
				8F8ED27CA4F9557EB7A33623 /* [CP] Embed Pods Frameworks */,
			);
			buildRules = (
			);
			dependencies = (
			);
			name = Instagram;
			productName = Instagram;
			productReference = E78688812496F5B000212AD1 /* Instagram.app */;
			productType = "com.apple.product-type.application";
		};
/* End PBXNativeTarget section */

/* Begin PBXProject section */
		E78688792496F5B000212AD1 /* Project object */ = {
			isa = PBXProject;
			attributes = {
				LastSwiftUpdateCheck = 1110;
				LastUpgradeCheck = 1110;
				ORGANIZATIONNAME = "0002 QBS";
				TargetAttributes = {
					E78688802496F5B000212AD1 = {
						CreatedOnToolsVersion = 11.1;
					};
				};
			};
			buildConfigurationList = E786887C2496F5B000212AD1 /* Build configuration list for PBXProject "Instagram" */;
			compatibilityVersion = "Xcode 9.3";
			developmentRegion = en;
			hasScannedForEncodings = 0;
			knownRegions = (
				en,
				Base,
			);
			mainGroup = E78688782496F5B000212AD1;
			productRefGroup = E78688822496F5B000212AD1 /* Products */;
			projectDirPath = "";
			projectRoot = "";
			targets = (
				E78688802496F5B000212AD1 /* Instagram */,
			);
		};
/* End PBXProject section */

/* Begin PBXResourcesBuildPhase section */
		E786887F2496F5B000212AD1 /* Resources */ = {
			isa = PBXResourcesBuildPhase;
			buildActionMask = 2147483647;
			files = (
				E78688912496F5B500212AD1 /* LaunchScreen.storyboard in Resources */,
				E71EE86C249E791C00969879 /* PostTableViewCell.xib in Resources */,
				E71EE860249708BC00969879 /* GoogleService-Info.plist in Resources */,
				E786888E2496F5B500212AD1 /* Assets.xcassets in Resources */,
				E786888C2496F5B000212AD1 /* Main.storyboard in Resources */,
			);
			runOnlyForDeploymentPostprocessing = 0;
		};
/* End PBXResourcesBuildPhase section */

/* Begin PBXShellScriptBuildPhase section */
		8F8ED27CA4F9557EB7A33623 /* [CP] Embed Pods Frameworks */ = {
			isa = PBXShellScriptBuildPhase;
			buildActionMask = 2147483647;
			files = (
			);
			inputFileListPaths = (
				"${PODS_ROOT}/Target Support Files/Pods-Instagram/Pods-Instagram-frameworks-${CONFIGURATION}-input-files.xcfilelist",
			);
			name = "[CP] Embed Pods Frameworks";
			outputFileListPaths = (
				"${PODS_ROOT}/Target Support Files/Pods-Instagram/Pods-Instagram-frameworks-${CONFIGURATION}-output-files.xcfilelist",
			);
			runOnlyForDeploymentPostprocessing = 0;
			shellPath = /bin/sh;
			shellScript = "\"${PODS_ROOT}/Target Support Files/Pods-Instagram/Pods-Instagram-frameworks.sh\"\n";
			showEnvVarsInLog = 0;
		};
		BAB2703F0A815D2613C7EE4D /* [CP] Check Pods Manifest.lock */ = {
			isa = PBXShellScriptBuildPhase;
			buildActionMask = 2147483647;
			files = (
			);
			inputFileListPaths = (
			);
			inputPaths = (
				"${PODS_PODFILE_DIR_PATH}/Podfile.lock",
				"${PODS_ROOT}/Manifest.lock",
			);
			name = "[CP] Check Pods Manifest.lock";
			outputFileListPaths = (
			);
			outputPaths = (
				"$(DERIVED_FILE_DIR)/Pods-Instagram-checkManifestLockResult.txt",
			);
			runOnlyForDeploymentPostprocessing = 0;
			shellPath = /bin/sh;
			shellScript = "diff \"${PODS_PODFILE_DIR_PATH}/Podfile.lock\" \"${PODS_ROOT}/Manifest.lock\" > /dev/null\nif [ $? != 0 ] ; then\n    # print error to STDERR\n    echo \"error: The sandbox is not in sync with the Podfile.lock. Run 'pod install' or update your CocoaPods installation.\" >&2\n    exit 1\nfi\n# This output is used by Xcode 'outputs' to avoid re-running this script phase.\necho \"SUCCESS\" > \"${SCRIPT_OUTPUT_FILE_0}\"\n";
			showEnvVarsInLog = 0;
		};
/* End PBXShellScriptBuildPhase section */

/* Begin PBXSourcesBuildPhase section */
		E786887D2496F5B000212AD1 /* Sources */ = {
			isa = PBXSourcesBuildPhase;
			buildActionMask = 2147483647;
			files = (
				E71EE86B249E791C00969879 /* PostTableViewCell.swift in Sources */,
				E78688A12496F7DB00212AD1 /* ImageSelectViewController.swift in Sources */,
				E71EE85C249700A800969879 /* TabBarController.swift in Sources */,
				E786889F2496F7CA00212AD1 /* HomeViewController.swift in Sources */,
				E78688A32496F7EC00212AD1 /* PostViewController.swift in Sources */,
				E78688A52496F7FC00212AD1 /* SettingViewController.swift in Sources */,
				E71EE868249E78D300969879 /* PostData.swift in Sources */,
				E786889D2496F75C00212AD1 /* LoginViewController.swift in Sources */,
				E71EE87A24B7EC2700969879 /* Comment.swift in Sources */,
				E71EE87824AC33B400969879 /* CommentViewController.swift in Sources */,
				E78688852496F5B000212AD1 /* AppDelegate.swift in Sources */,
				E78688872496F5B000212AD1 /* SceneDelegate.swift in Sources */,
				E71EE866249E764D00969879 /* Const.swift in Sources */,
			);
			runOnlyForDeploymentPostprocessing = 0;
		};
/* End PBXSourcesBuildPhase section */

/* Begin PBXVariantGroup section */
		E786888A2496F5B000212AD1 /* Main.storyboard */ = {
			isa = PBXVariantGroup;
			children = (
				E786888B2496F5B000212AD1 /* Base */,
			);
			name = Main.storyboard;
			sourceTree = "<group>";
		};
		E786888F2496F5B500212AD1 /* LaunchScreen.storyboard */ = {
			isa = PBXVariantGroup;
			children = (
				E78688902496F5B500212AD1 /* Base */,
			);
			name = LaunchScreen.storyboard;
			sourceTree = "<group>";
		};
/* End PBXVariantGroup section */

/* Begin XCBuildConfiguration section */
		E78688932496F5B500212AD1 /* Debug */ = {
			isa = XCBuildConfiguration;
			buildSettings = {
				ALWAYS_SEARCH_USER_PATHS = NO;
				CLANG_ANALYZER_NONNULL = YES;
				CLANG_ANALYZER_NUMBER_OBJECT_CONVERSION = YES_AGGRESSIVE;
				CLANG_CXX_LANGUAGE_STANDARD = "gnu++14";
				CLANG_CXX_LIBRARY = "libc++";
				CLANG_ENABLE_MODULES = YES;
				CLANG_ENABLE_OBJC_ARC = YES;
				CLANG_ENABLE_OBJC_WEAK = YES;
				CLANG_WARN_BLOCK_CAPTURE_AUTORELEASING = YES;
				CLANG_WARN_BOOL_CONVERSION = YES;
				CLANG_WARN_COMMA = YES;
				CLANG_WARN_CONSTANT_CONVERSION = YES;
				CLANG_WARN_DEPRECATED_OBJC_IMPLEMENTATIONS = YES;
				CLANG_WARN_DIRECT_OBJC_ISA_USAGE = YES_ERROR;
				CLANG_WARN_DOCUMENTATION_COMMENTS = YES;
				CLANG_WARN_EMPTY_BODY = YES;
				CLANG_WARN_ENUM_CONVERSION = YES;
				CLANG_WARN_INFINITE_RECURSION = YES;
				CLANG_WARN_INT_CONVERSION = YES;
				CLANG_WARN_NON_LITERAL_NULL_CONVERSION = YES;
				CLANG_WARN_OBJC_IMPLICIT_RETAIN_SELF = YES;
				CLANG_WARN_OBJC_LITERAL_CONVERSION = YES;
				CLANG_WARN_OBJC_ROOT_CLASS = YES_ERROR;
				CLANG_WARN_RANGE_LOOP_ANALYSIS = YES;
				CLANG_WARN_STRICT_PROTOTYPES = YES;
				CLANG_WARN_SUSPICIOUS_MOVE = YES;
				CLANG_WARN_UNGUARDED_AVAILABILITY = YES_AGGRESSIVE;
				CLANG_WARN_UNREACHABLE_CODE = YES;
				CLANG_WARN__DUPLICATE_METHOD_MATCH = YES;
				COPY_PHASE_STRIP = NO;
				DEBUG_INFORMATION_FORMAT = dwarf;
				ENABLE_STRICT_OBJC_MSGSEND = YES;
				ENABLE_TESTABILITY = YES;
				GCC_C_LANGUAGE_STANDARD = gnu11;
				GCC_DYNAMIC_NO_PIC = NO;
				GCC_NO_COMMON_BLOCKS = YES;
				GCC_OPTIMIZATION_LEVEL = 0;
				GCC_PREPROCESSOR_DEFINITIONS = (
					"DEBUG=1",
					"$(inherited)",
				);
				GCC_WARN_64_TO_32_BIT_CONVERSION = YES;
				GCC_WARN_ABOUT_RETURN_TYPE = YES_ERROR;
				GCC_WARN_UNDECLARED_SELECTOR = YES;
				GCC_WARN_UNINITIALIZED_AUTOS = YES_AGGRESSIVE;
				GCC_WARN_UNUSED_FUNCTION = YES;
				GCC_WARN_UNUSED_VARIABLE = YES;
				IPHONEOS_DEPLOYMENT_TARGET = 13.1;
				MTL_ENABLE_DEBUG_INFO = INCLUDE_SOURCE;
				MTL_FAST_MATH = YES;
				ONLY_ACTIVE_ARCH = YES;
				SDKROOT = iphoneos;
				SWIFT_ACTIVE_COMPILATION_CONDITIONS = DEBUG;
				SWIFT_OPTIMIZATION_LEVEL = "-Onone";
			};
			name = Debug;
		};
		E78688942496F5B500212AD1 /* Release */ = {
			isa = XCBuildConfiguration;
			buildSettings = {
				ALWAYS_SEARCH_USER_PATHS = NO;
				CLANG_ANALYZER_NONNULL = YES;
				CLANG_ANALYZER_NUMBER_OBJECT_CONVERSION = YES_AGGRESSIVE;
				CLANG_CXX_LANGUAGE_STANDARD = "gnu++14";
				CLANG_CXX_LIBRARY = "libc++";
				CLANG_ENABLE_MODULES = YES;
				CLANG_ENABLE_OBJC_ARC = YES;
				CLANG_ENABLE_OBJC_WEAK = YES;
				CLANG_WARN_BLOCK_CAPTURE_AUTORELEASING = YES;
				CLANG_WARN_BOOL_CONVERSION = YES;
				CLANG_WARN_COMMA = YES;
				CLANG_WARN_CONSTANT_CONVERSION = YES;
				CLANG_WARN_DEPRECATED_OBJC_IMPLEMENTATIONS = YES;
				CLANG_WARN_DIRECT_OBJC_ISA_USAGE = YES_ERROR;
				CLANG_WARN_DOCUMENTATION_COMMENTS = YES;
				CLANG_WARN_EMPTY_BODY = YES;
				CLANG_WARN_ENUM_CONVERSION = YES;
				CLANG_WARN_INFINITE_RECURSION = YES;
				CLANG_WARN_INT_CONVERSION = YES;
				CLANG_WARN_NON_LITERAL_NULL_CONVERSION = YES;
				CLANG_WARN_OBJC_IMPLICIT_RETAIN_SELF = YES;
				CLANG_WARN_OBJC_LITERAL_CONVERSION = YES;
				CLANG_WARN_OBJC_ROOT_CLASS = YES_ERROR;
				CLANG_WARN_RANGE_LOOP_ANALYSIS = YES;
				CLANG_WARN_STRICT_PROTOTYPES = YES;
				CLANG_WARN_SUSPICIOUS_MOVE = YES;
				CLANG_WARN_UNGUARDED_AVAILABILITY = YES_AGGRESSIVE;
				CLANG_WARN_UNREACHABLE_CODE = YES;
				CLANG_WARN__DUPLICATE_METHOD_MATCH = YES;
				COPY_PHASE_STRIP = NO;
				DEBUG_INFORMATION_FORMAT = "dwarf-with-dsym";
				ENABLE_NS_ASSERTIONS = NO;
				ENABLE_STRICT_OBJC_MSGSEND = YES;
				GCC_C_LANGUAGE_STANDARD = gnu11;
				GCC_NO_COMMON_BLOCKS = YES;
				GCC_WARN_64_TO_32_BIT_CONVERSION = YES;
				GCC_WARN_ABOUT_RETURN_TYPE = YES_ERROR;
				GCC_WARN_UNDECLARED_SELECTOR = YES;
				GCC_WARN_UNINITIALIZED_AUTOS = YES_AGGRESSIVE;
				GCC_WARN_UNUSED_FUNCTION = YES;
				GCC_WARN_UNUSED_VARIABLE = YES;
				IPHONEOS_DEPLOYMENT_TARGET = 13.1;
				MTL_ENABLE_DEBUG_INFO = NO;
				MTL_FAST_MATH = YES;
				SDKROOT = iphoneos;
				SWIFT_COMPILATION_MODE = wholemodule;
				SWIFT_OPTIMIZATION_LEVEL = "-O";
				VALIDATE_PRODUCT = YES;
			};
			name = Release;
		};
		E78688962496F5B500212AD1 /* Debug */ = {
			isa = XCBuildConfiguration;
			baseConfigurationReference = 46817B0311F3EEA977F525C3 /* Pods-Instagram.debug.xcconfig */;
			buildSettings = {
				ASSETCATALOG_COMPILER_APPICON_NAME = AppIcon;
				CODE_SIGN_STYLE = Automatic;
				DEVELOPMENT_TEAM = NYG2NM5PZ3;
				INFOPLIST_FILE = Instagram/Info.plist;
				LD_RUNPATH_SEARCH_PATHS = (
					"$(inherited)",
					"@executable_path/Frameworks",
				);
				PRODUCT_BUNDLE_IDENTIFIER = jp.techacademy.kenta.yamamoto.Instagram;
				PRODUCT_NAME = "$(TARGET_NAME)";
				SWIFT_VERSION = 5.0;
				TARGETED_DEVICE_FAMILY = 1;
			};
			name = Debug;
		};
		E78688972496F5B500212AD1 /* Release */ = {
			isa = XCBuildConfiguration;
			baseConfigurationReference = 5B69C0665B5005A54A308C34 /* Pods-Instagram.release.xcconfig */;
			buildSettings = {
				ASSETCATALOG_COMPILER_APPICON_NAME = AppIcon;
				CODE_SIGN_STYLE = Automatic;
				DEVELOPMENT_TEAM = NYG2NM5PZ3;
				INFOPLIST_FILE = Instagram/Info.plist;
				LD_RUNPATH_SEARCH_PATHS = (
					"$(inherited)",
					"@executable_path/Frameworks",
				);
				PRODUCT_BUNDLE_IDENTIFIER = jp.techacademy.kenta.yamamoto.Instagram;
				PRODUCT_NAME = "$(TARGET_NAME)";
				SWIFT_VERSION = 5.0;
				TARGETED_DEVICE_FAMILY = 1;
			};
			name = Release;
		};
/* End XCBuildConfiguration section */

/* Begin XCConfigurationList section */
		E786887C2496F5B000212AD1 /* Build configuration list for PBXProject "Instagram" */ = {
			isa = XCConfigurationList;
			buildConfigurations = (
				E78688932496F5B500212AD1 /* Debug */,
				E78688942496F5B500212AD1 /* Release */,
			);
			defaultConfigurationIsVisible = 0;
			defaultConfigurationName = Release;
		};
		E78688952496F5B500212AD1 /* Build configuration list for PBXNativeTarget "Instagram" */ = {
			isa = XCConfigurationList;
			buildConfigurations = (
				E78688962496F5B500212AD1 /* Debug */,
				E78688972496F5B500212AD1 /* Release */,
			);
			defaultConfigurationIsVisible = 0;
			defaultConfigurationName = Release;
		};
/* End XCConfigurationList section */
	};
	rootObject = E78688792496F5B000212AD1 /* Project object */;
}
